<?xml version="1.0" encoding="utf-8"?>
<Project ToolsVersion="4.0" xmlns="http://schemas.microsoft.com/developer/msbuild/2003">
  <ItemGroup>
    <ClCompile Include="Actors.cpp" />
    <ClCompile Include="City.cpp" />
    <ClCompile Include="Food.cpp" />
    <ClCompile Include="Finite-State Machine.cpp" />
    <ClCompile Include="main.cpp" />
    <ClCompile Include="Civilian.cpp" />
    <ClCompile Include="Student.cpp" />
    <ClCompile Include="WorldController.cpp" />
    <ClCompile Include="WorldModel.cpp" />
    <ClCompile Include="WorldRenderer.cpp" />
    <ClCompile Include="Soldier.cpp" />
    <ClCompile Include="GameObject.cpp" />
    <ClCompile Include="Inqisitor.cpp" />
    <ClCompile Include="Tree.cpp" />
    <ClCompile Include="UI.cpp" />
  </ItemGroup>
  <ItemGroup>
    <ClInclude Include="City.h" />
    <ClInclude Include="Food.h" />
    <ClInclude Include="Finite-State Machine.h" />
    <ClInclude Include="GameObject.h" />
    <ClInclude Include="Civilian.h" />
    <ClInclude Include="Actors.h" />
    <ClInclude Include="MoveOrder.h" />
    <ClInclude Include="Order.h" />
    <ClInclude Include="Student.h" />
    <ClInclude Include="WorldController.h" />
    <ClInclude Include="WorldModel.h" />
    <ClInclude Include="WorldRenderer.h" />
    <ClInclude Include="UI.h" />
    <ClInclude Include="Soldier.h" />
    <ClInclude Include="Inqisitor.h" />
    <ClInclude Include="Tree.h" />
    <ClInclude Include="UserInterface.h" />
  </ItemGroup>
</Project>